
Microsoft Visual Studio Solution File, Format Version 12.00
# Visual Studio 14
VisualStudioVersion = 14.0.25420.1
MinimumVisualStudioVersion = 10.0.40219.1
Project("{FAE04EC0-301F-11D3-BF4B-00C04F79EFBC}") = "Telerik Academy RSS", "Telerik Academy RSS\Telerik Academy RSS.csproj", "{39614BDE-8732-4966-B9D7-2E712A3E3C7F}"
EndProject
Global
	GlobalSection(SolutionConfigurationPlatforms) = preSolution
		Debug|Any CPU = Debug|Any CPU
		Release|Any CPU = Release|Any CPU
	EndGlobalSection
	GlobalSection(ProjectConfigurationPlatforms) = postSolution
		{39614BDE-8732-4966-B9D7-2E712A3E3C7F}.Debug|Any CPU.ActiveCfg = Debug|Any CPU
		{39614BDE-8732-4966-B9D7-2E712A3E3C7F}.Debug|Any CPU.Build.0 = Debug|Any CPU
		{39614BDE-8732-4966-B9D7-2E712A3E3C7F}.Release|Any CPU.ActiveCfg = Release|Any CPU
		{39614BDE-8732-4966-B9D7-2E712A3E3C7F}.Release|Any CPU.Build.0 = Release|Any CPU
	EndGlobalSection
	GlobalSection(SolutionProperties) = preSolution
		HideSolutionNode = FALSE
	EndGlobalSection
EndGlobal
