
Microsoft Visual Studio Solution File, Format Version 12.00
# Visual Studio 2013
VisualStudioVersion = 12.0.31101.0
MinimumVisualStudioVersion = 10.0.40219.1
Project("{FAE04EC0-301F-11D3-BF4B-00C04F79EFBC}") = "03-RefactorBrowserCheck", "03-RefactorBrowser\03-RefactorBrowserCheck.csproj", "{629BC8F2-4EAE-4E82-9301-1786E55E6582}"
EndProject
Project("{FAE04EC0-301F-11D3-BF4B-00C04F79EFBC}") = "01-RefactorPrinter", "01-RefactorPrinter\01-RefactorPrinter.csproj", "{40625EA0-B5B8-4B23-810D-02C99EEEB83F}"
EndProject
Project("{FAE04EC0-301F-11D3-BF4B-00C04F79EFBC}") = "02-RefactorPerson", "02-RefactorPerson\02-RefactorPerson.csproj", "{26A919C4-9D21-4D1F-A62E-4A0C9EF3DC81}"
EndProject
Project("{FAE04EC0-301F-11D3-BF4B-00C04F79EFBC}") = "04-RefactorMinesweeper", "04-RefactorMinesweeper\04-RefactorMinesweeper.csproj", "{8CFB5D53-D227-4C4B-9C92-FAEE184C5D8E}"
EndProject
Global
	GlobalSection(SolutionConfigurationPlatforms) = preSolution
		Debug|Any CPU = Debug|Any CPU
		Release|Any CPU = Release|Any CPU
	EndGlobalSection
	GlobalSection(ProjectConfigurationPlatforms) = postSolution
		{629BC8F2-4EAE-4E82-9301-1786E55E6582}.Debug|Any CPU.ActiveCfg = Debug|Any CPU
		{629BC8F2-4EAE-4E82-9301-1786E55E6582}.Debug|Any CPU.Build.0 = Debug|Any CPU
		{629BC8F2-4EAE-4E82-9301-1786E55E6582}.Release|Any CPU.ActiveCfg = Release|Any CPU
		{629BC8F2-4EAE-4E82-9301-1786E55E6582}.Release|Any CPU.Build.0 = Release|Any CPU
		{40625EA0-B5B8-4B23-810D-02C99EEEB83F}.Debug|Any CPU.ActiveCfg = Debug|Any CPU
		{40625EA0-B5B8-4B23-810D-02C99EEEB83F}.Debug|Any CPU.Build.0 = Debug|Any CPU
		{40625EA0-B5B8-4B23-810D-02C99EEEB83F}.Release|Any CPU.ActiveCfg = Release|Any CPU
		{40625EA0-B5B8-4B23-810D-02C99EEEB83F}.Release|Any CPU.Build.0 = Release|Any CPU
		{26A919C4-9D21-4D1F-A62E-4A0C9EF3DC81}.Debug|Any CPU.ActiveCfg = Debug|Any CPU
		{26A919C4-9D21-4D1F-A62E-4A0C9EF3DC81}.Debug|Any CPU.Build.0 = Debug|Any CPU
		{26A919C4-9D21-4D1F-A62E-4A0C9EF3DC81}.Release|Any CPU.ActiveCfg = Release|Any CPU
		{26A919C4-9D21-4D1F-A62E-4A0C9EF3DC81}.Release|Any CPU.Build.0 = Release|Any CPU
		{8CFB5D53-D227-4C4B-9C92-FAEE184C5D8E}.Debug|Any CPU.ActiveCfg = Debug|Any CPU
		{8CFB5D53-D227-4C4B-9C92-FAEE184C5D8E}.Debug|Any CPU.Build.0 = Debug|Any CPU
		{8CFB5D53-D227-4C4B-9C92-FAEE184C5D8E}.Release|Any CPU.ActiveCfg = Release|Any CPU
		{8CFB5D53-D227-4C4B-9C92-FAEE184C5D8E}.Release|Any CPU.Build.0 = Release|Any CPU
	EndGlobalSection
	GlobalSection(SolutionProperties) = preSolution
		HideSolutionNode = FALSE
	EndGlobalSection
EndGlobal
