
Microsoft Visual Studio Solution File, Format Version 12.00
# Visual Studio 2013
VisualStudioVersion = 12.0.31101.0
MinimumVisualStudioVersion = 10.0.40219.1
Project("{FAE04EC0-301F-11D3-BF4B-00C04F79EFBC}") = "01-CountOccurances", "01-CountOccurances\01-CountOccurances.csproj", "{58BE3376-A6EA-4837-99EB-F0B4436BB566}"
EndProject
Project("{FAE04EC0-301F-11D3-BF4B-00C04F79EFBC}") = "02-ExtractOdds", "02-ExtractOdds\02-ExtractOdds.csproj", "{BED13189-FF44-48AA-8AEE-C7F701FEEB5A}"
EndProject
Project("{FAE04EC0-301F-11D3-BF4B-00C04F79EFBC}") = "03-CountWordOccurances", "03-CountWordOccurances\03-CountWordOccurances.csproj", "{F68904B5-C127-4C21-A68B-D5E0A74D661A}"
EndProject
Project("{FAE04EC0-301F-11D3-BF4B-00C04F79EFBC}") = "04-ImplemetHashTable", "04-ImplemetHashTable\04-ImplemetHashTable.csproj", "{8232FA07-5B9F-428A-8DA7-8DAE400E0DCC}"
EndProject
Project("{FAE04EC0-301F-11D3-BF4B-00C04F79EFBC}") = "05-ImplementHashSet", "05-ImplementHashSet\05-ImplementHashSet.csproj", "{C7EDBB97-962A-4B9E-B643-5E140298A0D2}"
EndProject
Global
	GlobalSection(SolutionConfigurationPlatforms) = preSolution
		Debug|Any CPU = Debug|Any CPU
		Release|Any CPU = Release|Any CPU
	EndGlobalSection
	GlobalSection(ProjectConfigurationPlatforms) = postSolution
		{58BE3376-A6EA-4837-99EB-F0B4436BB566}.Debug|Any CPU.ActiveCfg = Debug|Any CPU
		{58BE3376-A6EA-4837-99EB-F0B4436BB566}.Debug|Any CPU.Build.0 = Debug|Any CPU
		{58BE3376-A6EA-4837-99EB-F0B4436BB566}.Release|Any CPU.ActiveCfg = Release|Any CPU
		{58BE3376-A6EA-4837-99EB-F0B4436BB566}.Release|Any CPU.Build.0 = Release|Any CPU
		{BED13189-FF44-48AA-8AEE-C7F701FEEB5A}.Debug|Any CPU.ActiveCfg = Debug|Any CPU
		{BED13189-FF44-48AA-8AEE-C7F701FEEB5A}.Debug|Any CPU.Build.0 = Debug|Any CPU
		{BED13189-FF44-48AA-8AEE-C7F701FEEB5A}.Release|Any CPU.ActiveCfg = Release|Any CPU
		{BED13189-FF44-48AA-8AEE-C7F701FEEB5A}.Release|Any CPU.Build.0 = Release|Any CPU
		{F68904B5-C127-4C21-A68B-D5E0A74D661A}.Debug|Any CPU.ActiveCfg = Debug|Any CPU
		{F68904B5-C127-4C21-A68B-D5E0A74D661A}.Debug|Any CPU.Build.0 = Debug|Any CPU
		{F68904B5-C127-4C21-A68B-D5E0A74D661A}.Release|Any CPU.ActiveCfg = Release|Any CPU
		{F68904B5-C127-4C21-A68B-D5E0A74D661A}.Release|Any CPU.Build.0 = Release|Any CPU
		{8232FA07-5B9F-428A-8DA7-8DAE400E0DCC}.Debug|Any CPU.ActiveCfg = Debug|Any CPU
		{8232FA07-5B9F-428A-8DA7-8DAE400E0DCC}.Debug|Any CPU.Build.0 = Debug|Any CPU
		{8232FA07-5B9F-428A-8DA7-8DAE400E0DCC}.Release|Any CPU.ActiveCfg = Release|Any CPU
		{8232FA07-5B9F-428A-8DA7-8DAE400E0DCC}.Release|Any CPU.Build.0 = Release|Any CPU
		{C7EDBB97-962A-4B9E-B643-5E140298A0D2}.Debug|Any CPU.ActiveCfg = Debug|Any CPU
		{C7EDBB97-962A-4B9E-B643-5E140298A0D2}.Debug|Any CPU.Build.0 = Debug|Any CPU
		{C7EDBB97-962A-4B9E-B643-5E140298A0D2}.Release|Any CPU.ActiveCfg = Release|Any CPU
		{C7EDBB97-962A-4B9E-B643-5E140298A0D2}.Release|Any CPU.Build.0 = Release|Any CPU
	EndGlobalSection
	GlobalSection(SolutionProperties) = preSolution
		HideSolutionNode = FALSE
	EndGlobalSection
EndGlobal
