
Microsoft Visual Studio Solution File, Format Version 12.00
# Visual Studio 2013
VisualStudioVersion = 12.0.31101.0
MinimumVisualStudioVersion = 10.0.40219.1
Project("{FAE04EC0-301F-11D3-BF4B-00C04F79EFBC}") = "01-Code-Formatting-CSharp", "01-Code-Formatting-CSharp\01-Code-Formatting-CSharp.csproj", "{C8FAD725-7660-4381-99FF-E416F0B44C65}"
EndProject
Project("{FAE04EC0-301F-11D3-BF4B-00C04F79EFBC}") = "02-Code-Formatting-JS", "02-Code-Formatting-JS\02-Code-Formatting-JS.csproj", "{3F3C961C-7930-4326-99BE-0D7DE9703930}"
EndProject
Global
	GlobalSection(SolutionConfigurationPlatforms) = preSolution
		Debug|Any CPU = Debug|Any CPU
		Release|Any CPU = Release|Any CPU
	EndGlobalSection
	GlobalSection(ProjectConfigurationPlatforms) = postSolution
		{C8FAD725-7660-4381-99FF-E416F0B44C65}.Debug|Any CPU.ActiveCfg = Debug|Any CPU
		{C8FAD725-7660-4381-99FF-E416F0B44C65}.Debug|Any CPU.Build.0 = Debug|Any CPU
		{C8FAD725-7660-4381-99FF-E416F0B44C65}.Release|Any CPU.ActiveCfg = Release|Any CPU
		{C8FAD725-7660-4381-99FF-E416F0B44C65}.Release|Any CPU.Build.0 = Release|Any CPU
		{3F3C961C-7930-4326-99BE-0D7DE9703930}.Debug|Any CPU.ActiveCfg = Debug|Any CPU
		{3F3C961C-7930-4326-99BE-0D7DE9703930}.Debug|Any CPU.Build.0 = Debug|Any CPU
		{3F3C961C-7930-4326-99BE-0D7DE9703930}.Release|Any CPU.ActiveCfg = Release|Any CPU
		{3F3C961C-7930-4326-99BE-0D7DE9703930}.Release|Any CPU.Build.0 = Release|Any CPU
	EndGlobalSection
	GlobalSection(SolutionProperties) = preSolution
		HideSolutionNode = FALSE
	EndGlobalSection
EndGlobal
