
Microsoft Visual Studio Solution File, Format Version 12.00
# Visual Studio 2013
VisualStudioVersion = 12.0.31101.0
MinimumVisualStudioVersion = 10.0.40219.1
Project("{FAE04EC0-301F-11D3-BF4B-00C04F79EFBC}") = "01-IplementPriorityQueue", "01-IplementPriorityQueue\01-IplementPriorityQueue.csproj", "{31E3758D-2B1C-4552-99ED-FF36819F19EE}"
EndProject
Project("{FAE04EC0-301F-11D3-BF4B-00C04F79EFBC}") = "03-FindSetOfWords", "03-FindSetOfWords\03-FindSetOfWords.csproj", "{80118663-B89D-4121-987E-59E278F70BEE}"
EndProject
Project("{FAE04EC0-301F-11D3-BF4B-00C04F79EFBC}") = "02-ReadLargeCollection", "02-ReadLargeCollection\02-ReadLargeCollection.csproj", "{AF93A1CB-D8BA-42F1-8DBB-2D0013C3DFA7}"
EndProject
Global
	GlobalSection(SolutionConfigurationPlatforms) = preSolution
		Debug|Any CPU = Debug|Any CPU
		Release|Any CPU = Release|Any CPU
	EndGlobalSection
	GlobalSection(ProjectConfigurationPlatforms) = postSolution
		{31E3758D-2B1C-4552-99ED-FF36819F19EE}.Debug|Any CPU.ActiveCfg = Debug|Any CPU
		{31E3758D-2B1C-4552-99ED-FF36819F19EE}.Debug|Any CPU.Build.0 = Debug|Any CPU
		{31E3758D-2B1C-4552-99ED-FF36819F19EE}.Release|Any CPU.ActiveCfg = Release|Any CPU
		{31E3758D-2B1C-4552-99ED-FF36819F19EE}.Release|Any CPU.Build.0 = Release|Any CPU
		{80118663-B89D-4121-987E-59E278F70BEE}.Debug|Any CPU.ActiveCfg = Debug|Any CPU
		{80118663-B89D-4121-987E-59E278F70BEE}.Debug|Any CPU.Build.0 = Debug|Any CPU
		{80118663-B89D-4121-987E-59E278F70BEE}.Release|Any CPU.ActiveCfg = Release|Any CPU
		{80118663-B89D-4121-987E-59E278F70BEE}.Release|Any CPU.Build.0 = Release|Any CPU
		{AF93A1CB-D8BA-42F1-8DBB-2D0013C3DFA7}.Debug|Any CPU.ActiveCfg = Debug|Any CPU
		{AF93A1CB-D8BA-42F1-8DBB-2D0013C3DFA7}.Debug|Any CPU.Build.0 = Debug|Any CPU
		{AF93A1CB-D8BA-42F1-8DBB-2D0013C3DFA7}.Release|Any CPU.ActiveCfg = Release|Any CPU
		{AF93A1CB-D8BA-42F1-8DBB-2D0013C3DFA7}.Release|Any CPU.Build.0 = Release|Any CPU
	EndGlobalSection
	GlobalSection(SolutionProperties) = preSolution
		HideSolutionNode = FALSE
	EndGlobalSection
EndGlobal
