
Microsoft Visual Studio Solution File, Format Version 12.00
# Visual Studio 2013
VisualStudioVersion = 12.0.31101.0
MinimumVisualStudioVersion = 10.0.40219.1
Project("{FAE04EC0-301F-11D3-BF4B-00C04F79EFBC}") = "01-Size", "01-Size\01-Size.csproj", "{D01A9897-5F07-4C6D-BBA4-F828BC1B1DCD}"
EndProject
Project("{FAE04EC0-301F-11D3-BF4B-00C04F79EFBC}") = "02-PrintStatistics", "02-PrintStatistics\02-PrintStatistics.csproj", "{A13366DF-D101-48C3-AF7F-5FCC4CF869D4}"
EndProject
Global
	GlobalSection(SolutionConfigurationPlatforms) = preSolution
		Debug|Any CPU = Debug|Any CPU
		Release|Any CPU = Release|Any CPU
	EndGlobalSection
	GlobalSection(ProjectConfigurationPlatforms) = postSolution
		{D01A9897-5F07-4C6D-BBA4-F828BC1B1DCD}.Debug|Any CPU.ActiveCfg = Debug|Any CPU
		{D01A9897-5F07-4C6D-BBA4-F828BC1B1DCD}.Debug|Any CPU.Build.0 = Debug|Any CPU
		{D01A9897-5F07-4C6D-BBA4-F828BC1B1DCD}.Release|Any CPU.ActiveCfg = Release|Any CPU
		{D01A9897-5F07-4C6D-BBA4-F828BC1B1DCD}.Release|Any CPU.Build.0 = Release|Any CPU
		{A13366DF-D101-48C3-AF7F-5FCC4CF869D4}.Debug|Any CPU.ActiveCfg = Debug|Any CPU
		{A13366DF-D101-48C3-AF7F-5FCC4CF869D4}.Debug|Any CPU.Build.0 = Debug|Any CPU
		{A13366DF-D101-48C3-AF7F-5FCC4CF869D4}.Release|Any CPU.ActiveCfg = Release|Any CPU
		{A13366DF-D101-48C3-AF7F-5FCC4CF869D4}.Release|Any CPU.Build.0 = Release|Any CPU
	EndGlobalSection
	GlobalSection(SolutionProperties) = preSolution
		HideSolutionNode = FALSE
	EndGlobalSection
EndGlobal
